
Microsoft Visual Studio Solution File, Format Version 12.00
# Visual Studio Version 16
VisualStudioVersion = 16.0.30320.27
MinimumVisualStudioVersion = 10.0.40219.1
Project("{9A19103F-16F7-4668-BE54-9A1E7A4F7556}") = "WeatherCities", "WeatherCities.MVC\WeatherCities.csproj", "{9FF2A988-C5F5-4E90-960A-5D130C4FD521}"
EndProject
Project("{FAE04EC0-301F-11D3-BF4B-00C04F79EFBC}") = "UnitTest", "UnitTest\UnitTest\UnitTest.csproj", "{1D03A606-7FEE-45AB-8DD1-09943D2D3638}"
EndProject
Global
	GlobalSection(SolutionConfigurationPlatforms) = preSolution
		Debug|Any CPU = Debug|Any CPU
		Release|Any CPU = Release|Any CPU
	EndGlobalSection
	GlobalSection(ProjectConfigurationPlatforms) = postSolution
		{9FF2A988-C5F5-4E90-960A-5D130C4FD521}.Debug|Any CPU.ActiveCfg = Debug|Any CPU
		{9FF2A988-C5F5-4E90-960A-5D130C4FD521}.Debug|Any CPU.Build.0 = Debug|Any CPU
		{9FF2A988-C5F5-4E90-960A-5D130C4FD521}.Release|Any CPU.ActiveCfg = Release|Any CPU
		{9FF2A988-C5F5-4E90-960A-5D130C4FD521}.Release|Any CPU.Build.0 = Release|Any CPU
		{1D03A606-7FEE-45AB-8DD1-09943D2D3638}.Debug|Any CPU.ActiveCfg = Debug|Any CPU
		{1D03A606-7FEE-45AB-8DD1-09943D2D3638}.Debug|Any CPU.Build.0 = Debug|Any CPU
		{1D03A606-7FEE-45AB-8DD1-09943D2D3638}.Release|Any CPU.ActiveCfg = Release|Any CPU
		{1D03A606-7FEE-45AB-8DD1-09943D2D3638}.Release|Any CPU.Build.0 = Release|Any CPU
	EndGlobalSection
	GlobalSection(SolutionProperties) = preSolution
		HideSolutionNode = FALSE
	EndGlobalSection
	GlobalSection(ExtensibilityGlobals) = postSolution
		SolutionGuid = {124CB017-29D6-47FA-A931-296F266B1F10}
	EndGlobalSection
EndGlobal
